// !$*UTF8*$!
{
	archiveVersion = 1;
	classes = {
	};
	objectVersion = 46;
	objects = {

/* Begin PBXBuildFile section */
		07038F531B758F7A00D419B9 /* AppDelegate.swift in Sources */ = {isa = PBXBuildFile; fileRef = 07038F521B758F7A00D419B9 /* AppDelegate.swift */; };
		07038F551B758F7A00D419B9 /* ViewController.swift in Sources */ = {isa = PBXBuildFile; fileRef = 07038F541B758F7A00D419B9 /* ViewController.swift */; };
		07038F581B758F7A00D419B9 /* Main.storyboard in Resources */ = {isa = PBXBuildFile; fileRef = 07038F561B758F7A00D419B9 /* Main.storyboard */; };
		07038F5B1B758F7A00D419B9 /* TimeManager.xcdatamodeld in Sources */ = {isa = PBXBuildFile; fileRef = 07038F591B758F7A00D419B9 /* TimeManager.xcdatamodeld */; };
		07038F5D1B758F7A00D419B9 /* Assets.xcassets in Resources */ = {isa = PBXBuildFile; fileRef = 07038F5C1B758F7A00D419B9 /* Assets.xcassets */; };
		07038F601B758F7A00D419B9 /* LaunchScreen.storyboard in Resources */ = {isa = PBXBuildFile; fileRef = 07038F5E1B758F7A00D419B9 /* LaunchScreen.storyboard */; };
		07038F6A1B75BC7500D419B9 /* OSP-DIN.ttf in Resources */ = {isa = PBXBuildFile; fileRef = 07038F691B75BC7500D419B9 /* OSP-DIN.ttf */; };
		0721338B1B779BE0006BBA58 /* Project.swift in Sources */ = {isa = PBXBuildFile; fileRef = 0721338A1B779BE0006BBA58 /* Project.swift */; };
		07228EC01B7980BC007FD9BA /* ProjectView.swift in Sources */ = {isa = PBXBuildFile; fileRef = 07228EBF1B7980BC007FD9BA /* ProjectView.swift */; };
		07228EC21B7980F8007FD9BA /* ProjectView.xib in Resources */ = {isa = PBXBuildFile; fileRef = 07228EC11B7980F8007FD9BA /* ProjectView.xib */; };
		072C412D1B82D15600996574 /* SwiftDate.swift in Sources */ = {isa = PBXBuildFile; fileRef = 072C412C1B82D15600996574 /* SwiftDate.swift */; };
		0731D8C41B75F3CF00384B33 /* MCNewCustomLayer.m in Sources */ = {isa = PBXBuildFile; fileRef = 0731D8BA1B75F3CF00384B33 /* MCNewCustomLayer.m */; };
		0731D8C51B75F3CF00384B33 /* MCNewCustomLayeredView.m in Sources */ = {isa = PBXBuildFile; fileRef = 0731D8BC1B75F3CF00384B33 /* MCNewCustomLayeredView.m */; };
		0731D8C61B75F3CF00384B33 /* MCPercentageDoughnutView.m in Sources */ = {isa = PBXBuildFile; fileRef = 0731D8BF1B75F3CF00384B33 /* MCPercentageDoughnutView.m */; };
		0731D8C71B75F3CF00384B33 /* MCSliceLayer.m in Sources */ = {isa = PBXBuildFile; fileRef = 0731D8C11B75F3CF00384B33 /* MCSliceLayer.m */; };
		0731D8C81B75F3CF00384B33 /* MCUtil.m in Sources */ = {isa = PBXBuildFile; fileRef = 0731D8C31B75F3CF00384B33 /* MCUtil.m */; };
		075170B11B8993DB00F64B39 /* AddProjectAlertView.xib in Resources */ = {isa = PBXBuildFile; fileRef = 075170B01B8993DB00F64B39 /* AddProjectAlertView.xib */; };
		075170B31B899EAE00F64B39 /* AddProjectAlertView.swift in Sources */ = {isa = PBXBuildFile; fileRef = 075170B21B899EAE00F64B39 /* AddProjectAlertView.swift */; };
		077074971B7B0E3B00C008E8 /* UIButtonScrollView.swift in Sources */ = {isa = PBXBuildFile; fileRef = 077074961B7B0E3B00C008E8 /* UIButtonScrollView.swift */; };
		07848D211B857E3E0097AAD7 /* TimeEntryCell.swift in Sources */ = {isa = PBXBuildFile; fileRef = 07848D201B857E3E0097AAD7 /* TimeEntryCell.swift */; };
		07848D271B86BAE70097AAD7 /* TimeEntryViewController.swift in Sources */ = {isa = PBXBuildFile; fileRef = 07848D261B86BAE70097AAD7 /* TimeEntryViewController.swift */; };
		078C10891B8983DC006E1681 /* ProjectsViewController.swift in Sources */ = {isa = PBXBuildFile; fileRef = 078C10881B8983DC006E1681 /* ProjectsViewController.swift */; };
		078C108B1B898415006E1681 /* ProjectCell.swift in Sources */ = {isa = PBXBuildFile; fileRef = 078C108A1B898415006E1681 /* ProjectCell.swift */; };
		07B02C7A1B79A848002EE40D /* DatesView.xib in Resources */ = {isa = PBXBuildFile; fileRef = 07B02C791B79A848002EE40D /* DatesView.xib */; };
		07B02C7C1B79A86E002EE40D /* DatesView.swift in Sources */ = {isa = PBXBuildFile; fileRef = 07B02C7B1B79A86E002EE40D /* DatesView.swift */; };
		07B432111B798E5A0085D9BC /* NibDesignable.swift in Sources */ = {isa = PBXBuildFile; fileRef = 07B4320E1B798E5A0085D9BC /* NibDesignable.swift */; };
		07CBFB1A1B82C1B80040AEF9 /* TableViewController.swift in Sources */ = {isa = PBXBuildFile; fileRef = 07CBFB191B82C1B80040AEF9 /* TableViewController.swift */; };
		07FF48DA1B76A94D00B2881C /* documentation.txt in Resources */ = {isa = PBXBuildFile; fileRef = 07FF48D91B76A94D00B2881C /* documentation.txt */; };
/* End PBXBuildFile section */

/* Begin PBXFileReference section */
		07038F4F1B758F7A00D419B9 /* TimeManager.app */ = {isa = PBXFileReference; explicitFileType = wrapper.application; includeInIndex = 0; path = TimeManager.app; sourceTree = BUILT_PRODUCTS_DIR; };
		07038F521B758F7A00D419B9 /* AppDelegate.swift */ = {isa = PBXFileReference; lastKnownFileType = sourcecode.swift; path = AppDelegate.swift; sourceTree = "<group>"; };
		07038F541B758F7A00D419B9 /* ViewController.swift */ = {isa = PBXFileReference; lastKnownFileType = sourcecode.swift; path = ViewController.swift; sourceTree = "<group>"; };
		07038F571B758F7A00D419B9 /* Base */ = {isa = PBXFileReference; lastKnownFileType = file.storyboard; name = Base; path = Base.lproj/Main.storyboard; sourceTree = "<group>"; };
		07038F5A1B758F7A00D419B9 /* TimeManager.xcdatamodel */ = {isa = PBXFileReference; lastKnownFileType = wrapper.xcdatamodel; path = TimeManager.xcdatamodel; sourceTree = "<group>"; };
		07038F5C1B758F7A00D419B9 /* Assets.xcassets */ = {isa = PBXFileReference; lastKnownFileType = folder.assetcatalog; path = Assets.xcassets; sourceTree = "<group>"; };
		07038F5F1B758F7A00D419B9 /* Base */ = {isa = PBXFileReference; lastKnownFileType = file.storyboard; name = Base; path = Base.lproj/LaunchScreen.storyboard; sourceTree = "<group>"; };
		07038F611B758F7A00D419B9 /* Info.plist */ = {isa = PBXFileReference; lastKnownFileType = text.plist.xml; path = Info.plist; sourceTree = "<group>"; };
		07038F691B75BC7500D419B9 /* OSP-DIN.ttf */ = {isa = PBXFileReference; lastKnownFileType = file; path = "OSP-DIN.ttf"; sourceTree = "<group>"; };
		0721338A1B779BE0006BBA58 /* Project.swift */ = {isa = PBXFileReference; fileEncoding = 4; lastKnownFileType = sourcecode.swift; path = Project.swift; sourceTree = "<group>"; };
		07228EBF1B7980BC007FD9BA /* ProjectView.swift */ = {isa = PBXFileReference; fileEncoding = 4; lastKnownFileType = sourcecode.swift; name = ProjectView.swift; path = TimeManager/ProjectView.swift; sourceTree = "<group>"; };
		07228EC11B7980F8007FD9BA /* ProjectView.xib */ = {isa = PBXFileReference; fileEncoding = 4; lastKnownFileType = file.xib; name = ProjectView.xib; path = TimeManager/ProjectView.xib; sourceTree = "<group>"; };
		072C412C1B82D15600996574 /* SwiftDate.swift */ = {isa = PBXFileReference; fileEncoding = 4; lastKnownFileType = sourcecode.swift; path = SwiftDate.swift; sourceTree = "<group>"; };
		0731D8B71B75F3CF00384B33 /* TimeManager-Bridging-Header.h */ = {isa = PBXFileReference; lastKnownFileType = sourcecode.c.h; path = "TimeManager-Bridging-Header.h"; sourceTree = "<group>"; };
		0731D8B81B75F3CF00384B33 /* MCCore.h */ = {isa = PBXFileReference; fileEncoding = 4; lastKnownFileType = sourcecode.c.h; path = MCCore.h; sourceTree = "<group>"; };
		0731D8B91B75F3CF00384B33 /* MCNewCustomLayer.h */ = {isa = PBXFileReference; fileEncoding = 4; lastKnownFileType = sourcecode.c.h; path = MCNewCustomLayer.h; sourceTree = "<group>"; };
		0731D8BA1B75F3CF00384B33 /* MCNewCustomLayer.m */ = {isa = PBXFileReference; fileEncoding = 4; lastKnownFileType = sourcecode.c.objc; path = MCNewCustomLayer.m; sourceTree = "<group>"; };
		0731D8BB1B75F3CF00384B33 /* MCNewCustomLayeredView.h */ = {isa = PBXFileReference; fileEncoding = 4; lastKnownFileType = sourcecode.c.h; path = MCNewCustomLayeredView.h; sourceTree = "<group>"; };
		0731D8BC1B75F3CF00384B33 /* MCNewCustomLayeredView.m */ = {isa = PBXFileReference; fileEncoding = 4; lastKnownFileType = sourcecode.c.objc; path = MCNewCustomLayeredView.m; sourceTree = "<group>"; };
		0731D8BD1B75F3CF00384B33 /* MCNewCustomLayeredView+MCCustomLayeredViewSubclass.h */ = {isa = PBXFileReference; fileEncoding = 4; lastKnownFileType = sourcecode.c.h; path = "MCNewCustomLayeredView+MCCustomLayeredViewSubclass.h"; sourceTree = "<group>"; };
		0731D8BE1B75F3CF00384B33 /* MCPercentageDoughnutView.h */ = {isa = PBXFileReference; fileEncoding = 4; lastKnownFileType = sourcecode.c.h; path = MCPercentageDoughnutView.h; sourceTree = "<group>"; };
		0731D8BF1B75F3CF00384B33 /* MCPercentageDoughnutView.m */ = {isa = PBXFileReference; fileEncoding = 4; lastKnownFileType = sourcecode.c.objc; path = MCPercentageDoughnutView.m; sourceTree = "<group>"; };
		0731D8C01B75F3CF00384B33 /* MCSliceLayer.h */ = {isa = PBXFileReference; fileEncoding = 4; lastKnownFileType = sourcecode.c.h; path = MCSliceLayer.h; sourceTree = "<group>"; };
		0731D8C11B75F3CF00384B33 /* MCSliceLayer.m */ = {isa = PBXFileReference; fileEncoding = 4; lastKnownFileType = sourcecode.c.objc; path = MCSliceLayer.m; sourceTree = "<group>"; };
		0731D8C21B75F3CF00384B33 /* MCUtil.h */ = {isa = PBXFileReference; fileEncoding = 4; lastKnownFileType = sourcecode.c.h; path = MCUtil.h; sourceTree = "<group>"; };
		0731D8C31B75F3CF00384B33 /* MCUtil.m */ = {isa = PBXFileReference; fileEncoding = 4; lastKnownFileType = sourcecode.c.objc; path = MCUtil.m; sourceTree = "<group>"; };
		075170B01B8993DB00F64B39 /* AddProjectAlertView.xib */ = {isa = PBXFileReference; fileEncoding = 4; lastKnownFileType = file.xib; path = AddProjectAlertView.xib; sourceTree = "<group>"; };
		075170B21B899EAE00F64B39 /* AddProjectAlertView.swift */ = {isa = PBXFileReference; fileEncoding = 4; lastKnownFileType = sourcecode.swift; path = AddProjectAlertView.swift; sourceTree = "<group>"; };
		077074961B7B0E3B00C008E8 /* UIButtonScrollView.swift */ = {isa = PBXFileReference; fileEncoding = 4; lastKnownFileType = sourcecode.swift; name = UIButtonScrollView.swift; path = TimeManager/UIButtonScrollView.swift; sourceTree = "<group>"; };
		07848D201B857E3E0097AAD7 /* TimeEntryCell.swift */ = {isa = PBXFileReference; fileEncoding = 4; lastKnownFileType = sourcecode.swift; path = TimeEntryCell.swift; sourceTree = "<group>"; };
		07848D261B86BAE70097AAD7 /* TimeEntryViewController.swift */ = {isa = PBXFileReference; fileEncoding = 4; lastKnownFileType = sourcecode.swift; path = TimeEntryViewController.swift; sourceTree = "<group>"; };
		078C10881B8983DC006E1681 /* ProjectsViewController.swift */ = {isa = PBXFileReference; fileEncoding = 4; lastKnownFileType = sourcecode.swift; path = ProjectsViewController.swift; sourceTree = "<group>"; };
		078C108A1B898415006E1681 /* ProjectCell.swift */ = {isa = PBXFileReference; fileEncoding = 4; lastKnownFileType = sourcecode.swift; path = ProjectCell.swift; sourceTree = "<group>"; };
		07B02C791B79A848002EE40D /* DatesView.xib */ = {isa = PBXFileReference; fileEncoding = 4; lastKnownFileType = file.xib; name = DatesView.xib; path = TimeManager/DatesView.xib; sourceTree = "<group>"; };
		07B02C7B1B79A86E002EE40D /* DatesView.swift */ = {isa = PBXFileReference; fileEncoding = 4; lastKnownFileType = sourcecode.swift; name = DatesView.swift; path = TimeManager/DatesView.swift; sourceTree = "<group>"; };
		07B4320E1B798E5A0085D9BC /* NibDesignable.swift */ = {isa = PBXFileReference; fileEncoding = 4; lastKnownFileType = sourcecode.swift; name = NibDesignable.swift; path = TimeManager/NibDesignable.swift; sourceTree = "<group>"; };
		07CBFB191B82C1B80040AEF9 /* TableViewController.swift */ = {isa = PBXFileReference; fileEncoding = 4; lastKnownFileType = sourcecode.swift; path = TableViewController.swift; sourceTree = "<group>"; };
		07FF48D91B76A94D00B2881C /* documentation.txt */ = {isa = PBXFileReference; fileEncoding = 4; lastKnownFileType = text; path = documentation.txt; sourceTree = "<group>"; };
/* End PBXFileReference section */

/* Begin PBXFrameworksBuildPhase section */
		07038F4C1B758F7A00D419B9 /* Frameworks */ = {
			isa = PBXFrameworksBuildPhase;
			buildActionMask = 2147483647;
			files = (
			);
			runOnlyForDeploymentPostprocessing = 0;
		};
/* End PBXFrameworksBuildPhase section */

/* Begin PBXGroup section */
		07038F461B758F7A00D419B9 = {
			isa = PBXGroup;
			children = (
				07848D1F1B857D7C0097AAD7 /* CustomViews */,
				072133891B779B5D006BBA58 /* Classes */,
				0731D8B61B75F3B600384B33 /* ProgressBar */,
				07038F511B758F7A00D419B9 /* TimeManager */,
				07038F501B758F7A00D419B9 /* Products */,
			);
			sourceTree = "<group>";
		};
		07038F501B758F7A00D419B9 /* Products */ = {
			isa = PBXGroup;
			children = (
				07038F4F1B758F7A00D419B9 /* TimeManager.app */,
			);
			name = Products;
			sourceTree = "<group>";
		};
		07038F511B758F7A00D419B9 /* TimeManager */ = {
			isa = PBXGroup;
			children = (
				07038F691B75BC7500D419B9 /* OSP-DIN.ttf */,
				07038F521B758F7A00D419B9 /* AppDelegate.swift */,
				07038F541B758F7A00D419B9 /* ViewController.swift */,
				07038F561B758F7A00D419B9 /* Main.storyboard */,
				07CBFB191B82C1B80040AEF9 /* TableViewController.swift */,
				07038F5C1B758F7A00D419B9 /* Assets.xcassets */,
				07038F5E1B758F7A00D419B9 /* LaunchScreen.storyboard */,
				07038F611B758F7A00D419B9 /* Info.plist */,
				07038F591B758F7A00D419B9 /* TimeManager.xcdatamodeld */,
				07848D261B86BAE70097AAD7 /* TimeEntryViewController.swift */,
				078C10881B8983DC006E1681 /* ProjectsViewController.swift */,
			);
			path = TimeManager;
			sourceTree = "<group>";
		};
		072133891B779B5D006BBA58 /* Classes */ = {
			isa = PBXGroup;
			children = (
				072C412C1B82D15600996574 /* SwiftDate.swift */,
				0721338A1B779BE0006BBA58 /* Project.swift */,
				07B4320E1B798E5A0085D9BC /* NibDesignable.swift */,
				07848D201B857E3E0097AAD7 /* TimeEntryCell.swift */,
				078C108A1B898415006E1681 /* ProjectCell.swift */,
			);
			name = Classes;
			sourceTree = "<group>";
		};
		0731D8B61B75F3B600384B33 /* ProgressBar */ = {
			isa = PBXGroup;
			children = (
				07FF48D91B76A94D00B2881C /* documentation.txt */,
				0731D8B81B75F3CF00384B33 /* MCCore.h */,
				0731D8B91B75F3CF00384B33 /* MCNewCustomLayer.h */,
				0731D8BA1B75F3CF00384B33 /* MCNewCustomLayer.m */,
				0731D8BB1B75F3CF00384B33 /* MCNewCustomLayeredView.h */,
				0731D8BC1B75F3CF00384B33 /* MCNewCustomLayeredView.m */,
				0731D8BD1B75F3CF00384B33 /* MCNewCustomLayeredView+MCCustomLayeredViewSubclass.h */,
				0731D8BE1B75F3CF00384B33 /* MCPercentageDoughnutView.h */,
				0731D8BF1B75F3CF00384B33 /* MCPercentageDoughnutView.m */,
				0731D8C01B75F3CF00384B33 /* MCSliceLayer.h */,
				0731D8C11B75F3CF00384B33 /* MCSliceLayer.m */,
				0731D8C21B75F3CF00384B33 /* MCUtil.h */,
				0731D8C31B75F3CF00384B33 /* MCUtil.m */,
				0731D8B71B75F3CF00384B33 /* TimeManager-Bridging-Header.h */,
			);
			name = ProgressBar;
			sourceTree = "<group>";
		};
		07848D1F1B857D7C0097AAD7 /* CustomViews */ = {
			isa = PBXGroup;
			children = (
				07228EBF1B7980BC007FD9BA /* ProjectView.swift */,
				07228EC11B7980F8007FD9BA /* ProjectView.xib */,
				07B02C791B79A848002EE40D /* DatesView.xib */,
				07B02C7B1B79A86E002EE40D /* DatesView.swift */,
				077074961B7B0E3B00C008E8 /* UIButtonScrollView.swift */,
				075170B01B8993DB00F64B39 /* AddProjectAlertView.xib */,
				075170B21B899EAE00F64B39 /* AddProjectAlertView.swift */,
			);
			name = CustomViews;
			sourceTree = "<group>";
		};
/* End PBXGroup section */

/* Begin PBXNativeTarget section */
		07038F4E1B758F7A00D419B9 /* TimeManager */ = {
			isa = PBXNativeTarget;
			buildConfigurationList = 07038F641B758F7A00D419B9 /* Build configuration list for PBXNativeTarget "TimeManager" */;
			buildPhases = (
				07038F4B1B758F7A00D419B9 /* Sources */,
				07038F4C1B758F7A00D419B9 /* Frameworks */,
				07038F4D1B758F7A00D419B9 /* Resources */,
			);
			buildRules = (
			);
			dependencies = (
			);
			name = TimeManager;
			productName = TimeManager;
			productReference = 07038F4F1B758F7A00D419B9 /* TimeManager.app */;
			productType = "com.apple.product-type.application";
		};
/* End PBXNativeTarget section */

/* Begin PBXProject section */
		07038F471B758F7A00D419B9 /* Project object */ = {
			isa = PBXProject;
			attributes = {
				LastSwiftUpdateCheck = 0700;
				LastUpgradeCheck = 0700;
				ORGANIZATIONNAME = "Alfredo Castillo";
				TargetAttributes = {
					07038F4E1B758F7A00D419B9 = {
						CreatedOnToolsVersion = 7.0;
					};
				};
			};
			buildConfigurationList = 07038F4A1B758F7A00D419B9 /* Build configuration list for PBXProject "TimeManager" */;
			compatibilityVersion = "Xcode 3.2";
			developmentRegion = English;
			hasScannedForEncodings = 0;
			knownRegions = (
				en,
				Base,
			);
			mainGroup = 07038F461B758F7A00D419B9;
			productRefGroup = 07038F501B758F7A00D419B9 /* Products */;
			projectDirPath = "";
			projectRoot = "";
			targets = (
				07038F4E1B758F7A00D419B9 /* TimeManager */,
			);
		};
/* End PBXProject section */

/* Begin PBXResourcesBuildPhase section */
		07038F4D1B758F7A00D419B9 /* Resources */ = {
			isa = PBXResourcesBuildPhase;
			buildActionMask = 2147483647;
			files = (
				07228EC21B7980F8007FD9BA /* ProjectView.xib in Resources */,
				07038F601B758F7A00D419B9 /* LaunchScreen.storyboard in Resources */,
				07038F6A1B75BC7500D419B9 /* OSP-DIN.ttf in Resources */,
				075170B11B8993DB00F64B39 /* AddProjectAlertView.xib in Resources */,
				07B02C7A1B79A848002EE40D /* DatesView.xib in Resources */,
				07038F5D1B758F7A00D419B9 /* Assets.xcassets in Resources */,
				07038F581B758F7A00D419B9 /* Main.storyboard in Resources */,
				07FF48DA1B76A94D00B2881C /* documentation.txt in Resources */,
			);
			runOnlyForDeploymentPostprocessing = 0;
		};
/* End PBXResourcesBuildPhase section */

/* Begin PBXSourcesBuildPhase section */
		07038F4B1B758F7A00D419B9 /* Sources */ = {
			isa = PBXSourcesBuildPhase;
			buildActionMask = 2147483647;
			files = (
				077074971B7B0E3B00C008E8 /* UIButtonScrollView.swift in Sources */,
				07CBFB1A1B82C1B80040AEF9 /* TableViewController.swift in Sources */,
				07038F551B758F7A00D419B9 /* ViewController.swift in Sources */,
				0731D8C81B75F3CF00384B33 /* MCUtil.m in Sources */,
				07228EC01B7980BC007FD9BA /* ProjectView.swift in Sources */,
				0731D8C51B75F3CF00384B33 /* MCNewCustomLayeredView.m in Sources */,
				0731D8C61B75F3CF00384B33 /* MCPercentageDoughnutView.m in Sources */,
				078C108B1B898415006E1681 /* ProjectCell.swift in Sources */,
				07038F531B758F7A00D419B9 /* AppDelegate.swift in Sources */,
				07B02C7C1B79A86E002EE40D /* DatesView.swift in Sources */,
				07848D271B86BAE70097AAD7 /* TimeEntryViewController.swift in Sources */,
				07038F5B1B758F7A00D419B9 /* TimeManager.xcdatamodeld in Sources */,
				0731D8C71B75F3CF00384B33 /* MCSliceLayer.m in Sources */,
				078C10891B8983DC006E1681 /* ProjectsViewController.swift in Sources */,
				072C412D1B82D15600996574 /* SwiftDate.swift in Sources */,
				075170B31B899EAE00F64B39 /* AddProjectAlertView.swift in Sources */,
				07B432111B798E5A0085D9BC /* NibDesignable.swift in Sources */,
				0731D8C41B75F3CF00384B33 /* MCNewCustomLayer.m in Sources */,
				0721338B1B779BE0006BBA58 /* Project.swift in Sources */,
				07848D211B857E3E0097AAD7 /* TimeEntryCell.swift in Sources */,
			);
			runOnlyForDeploymentPostprocessing = 0;
		};
/* End PBXSourcesBuildPhase section */

/* Begin PBXVariantGroup section */
		07038F561B758F7A00D419B9 /* Main.storyboard */ = {
			isa = PBXVariantGroup;
			children = (
				07038F571B758F7A00D419B9 /* Base */,
			);
			name = Main.storyboard;
			sourceTree = "<group>";
		};
		07038F5E1B758F7A00D419B9 /* LaunchScreen.storyboard */ = {
			isa = PBXVariantGroup;
			children = (
				07038F5F1B758F7A00D419B9 /* Base */,
			);
			name = LaunchScreen.storyboard;
			sourceTree = "<group>";
		};
/* End PBXVariantGroup section */

/* Begin XCBuildConfiguration section */
		07038F621B758F7A00D419B9 /* Debug */ = {
			isa = XCBuildConfiguration;
			buildSettings = {
				ALWAYS_SEARCH_USER_PATHS = NO;
				CLANG_CXX_LANGUAGE_STANDARD = "gnu++0x";
				CLANG_CXX_LIBRARY = "libc++";
				CLANG_ENABLE_MODULES = YES;
				CLANG_ENABLE_OBJC_ARC = YES;
				CLANG_WARN_BOOL_CONVERSION = YES;
				CLANG_WARN_CONSTANT_CONVERSION = YES;
				CLANG_WARN_DIRECT_OBJC_ISA_USAGE = YES_ERROR;
				CLANG_WARN_EMPTY_BODY = YES;
				CLANG_WARN_ENUM_CONVERSION = YES;
				CLANG_WARN_INT_CONVERSION = YES;
				CLANG_WARN_OBJC_ROOT_CLASS = YES_ERROR;
				CLANG_WARN_UNREACHABLE_CODE = YES;
				CLANG_WARN__DUPLICATE_METHOD_MATCH = YES;
				"CODE_SIGN_IDENTITY[sdk=iphoneos*]" = "iPhone Developer";
				COPY_PHASE_STRIP = NO;
				DEBUG_INFORMATION_FORMAT = dwarf;
				ENABLE_STRICT_OBJC_MSGSEND = YES;
				ENABLE_TESTABILITY = YES;
				GCC_C_LANGUAGE_STANDARD = gnu99;
				GCC_DYNAMIC_NO_PIC = NO;
				GCC_NO_COMMON_BLOCKS = YES;
				GCC_OPTIMIZATION_LEVEL = 0;
				GCC_PREPROCESSOR_DEFINITIONS = (
					"DEBUG=1",
					"$(inherited)",
				);
				GCC_WARN_64_TO_32_BIT_CONVERSION = YES;
				GCC_WARN_ABOUT_RETURN_TYPE = YES_ERROR;
				GCC_WARN_UNDECLARED_SELECTOR = YES;
				GCC_WARN_UNINITIALIZED_AUTOS = YES_AGGRESSIVE;
				GCC_WARN_UNUSED_FUNCTION = YES;
				GCC_WARN_UNUSED_VARIABLE = YES;
				IPHONEOS_DEPLOYMENT_TARGET = 9.0;
				MTL_ENABLE_DEBUG_INFO = YES;
				ONLY_ACTIVE_ARCH = YES;
				SDKROOT = iphoneos;
				SWIFT_OPTIMIZATION_LEVEL = "-Onone";
				TARGETED_DEVICE_FAMILY = "1,2";
			};
			name = Debug;
		};
		07038F631B758F7A00D419B9 /* Release */ = {
			isa = XCBuildConfiguration;
			buildSettings = {
				ALWAYS_SEARCH_USER_PATHS = NO;
				CLANG_CXX_LANGUAGE_STANDARD = "gnu++0x";
				CLANG_CXX_LIBRARY = "libc++";
				CLANG_ENABLE_MODULES = YES;
				CLANG_ENABLE_OBJC_ARC = YES;
				CLANG_WARN_BOOL_CONVERSION = YES;
				CLANG_WARN_CONSTANT_CONVERSION = YES;
				CLANG_WARN_DIRECT_OBJC_ISA_USAGE = YES_ERROR;
				CLANG_WARN_EMPTY_BODY = YES;
				CLANG_WARN_ENUM_CONVERSION = YES;
				CLANG_WARN_INT_CONVERSION = YES;
				CLANG_WARN_OBJC_ROOT_CLASS = YES_ERROR;
				CLANG_WARN_UNREACHABLE_CODE = YES;
				CLANG_WARN__DUPLICATE_METHOD_MATCH = YES;
				"CODE_SIGN_IDENTITY[sdk=iphoneos*]" = "iPhone Developer";
				COPY_PHASE_STRIP = NO;
				DEBUG_INFORMATION_FORMAT = "dwarf-with-dsym";
				ENABLE_NS_ASSERTIONS = NO;
				ENABLE_STRICT_OBJC_MSGSEND = YES;
				GCC_C_LANGUAGE_STANDARD = gnu99;
				GCC_NO_COMMON_BLOCKS = YES;
				GCC_WARN_64_TO_32_BIT_CONVERSION = YES;
				GCC_WARN_ABOUT_RETURN_TYPE = YES_ERROR;
				GCC_WARN_UNDECLARED_SELECTOR = YES;
				GCC_WARN_UNINITIALIZED_AUTOS = YES_AGGRESSIVE;
				GCC_WARN_UNUSED_FUNCTION = YES;
				GCC_WARN_UNUSED_VARIABLE = YES;
				IPHONEOS_DEPLOYMENT_TARGET = 9.0;
				MTL_ENABLE_DEBUG_INFO = NO;
				SDKROOT = iphoneos;
				TARGETED_DEVICE_FAMILY = "1,2";
				VALIDATE_PRODUCT = YES;
			};
			name = Release;
		};
		07038F651B758F7A00D419B9 /* Debug */ = {
			isa = XCBuildConfiguration;
			buildSettings = {
				ASSETCATALOG_COMPILER_APPICON_NAME = AppIcon;
				CLANG_ENABLE_MODULES = YES;
				INFOPLIST_FILE = TimeManager/Info.plist;
				LD_RUNPATH_SEARCH_PATHS = "$(inherited) @executable_path/Frameworks";
				PRODUCT_BUNDLE_IDENTIFIER = FredoCastillo.TimeManager;
				PRODUCT_NAME = "$(TARGET_NAME)";
				SWIFT_OBJC_BRIDGING_HEADER = "TimeManager-Bridging-Header.h";
				SWIFT_OPTIMIZATION_LEVEL = "-Onone";
			};
			name = Debug;
		};
		07038F661B758F7A00D419B9 /* Release */ = {
			isa = XCBuildConfiguration;
			buildSettings = {
				ASSETCATALOG_COMPILER_APPICON_NAME = AppIcon;
				CLANG_ENABLE_MODULES = YES;
				INFOPLIST_FILE = TimeManager/Info.plist;
				LD_RUNPATH_SEARCH_PATHS = "$(inherited) @executable_path/Frameworks";
				PRODUCT_BUNDLE_IDENTIFIER = FredoCastillo.TimeManager;
				PRODUCT_NAME = "$(TARGET_NAME)";
				SWIFT_OBJC_BRIDGING_HEADER = "TimeManager-Bridging-Header.h";
			};
			name = Release;
		};
/* End XCBuildConfiguration section */

/* Begin XCConfigurationList section */
		07038F4A1B758F7A00D419B9 /* Build configuration list for PBXProject "TimeManager" */ = {
			isa = XCConfigurationList;
			buildConfigurations = (
				07038F621B758F7A00D419B9 /* Debug */,
				07038F631B758F7A00D419B9 /* Release */,
			);
			defaultConfigurationIsVisible = 0;
			defaultConfigurationName = Release;
		};
		07038F641B758F7A00D419B9 /* Build configuration list for PBXNativeTarget "TimeManager" */ = {
			isa = XCConfigurationList;
			buildConfigurations = (
				07038F651B758F7A00D419B9 /* Debug */,
				07038F661B758F7A00D419B9 /* Release */,
			);
			defaultConfigurationIsVisible = 0;
			defaultConfigurationName = Release;
		};
/* End XCConfigurationList section */

/* Begin XCVersionGroup section */
		07038F591B758F7A00D419B9 /* TimeManager.xcdatamodeld */ = {
			isa = XCVersionGroup;
			children = (
				07038F5A1B758F7A00D419B9 /* TimeManager.xcdatamodel */,
			);
			currentVersion = 07038F5A1B758F7A00D419B9 /* TimeManager.xcdatamodel */;
			path = TimeManager.xcdatamodeld;
			sourceTree = "<group>";
			versionGroupType = wrapper.xcdatamodel;
		};
/* End XCVersionGroup section */
	};
	rootObject = 07038F471B758F7A00D419B9 /* Project object */;
}
